
Microsoft Visual Studio Solution File, Format Version 12.00
# Visual Studio Version 17
VisualStudioVersion = 17.12.35514.174
MinimumVisualStudioVersion = 10.0.40219.1
Project("{FAE04EC0-301F-11D3-BF4B-00C04F79EFBC}") = "BE1", "BE1.csproj", "{D1F7B13A-0499-46CE-A0AC-E405BE991A47}"
EndProject
Project("{FAE04EC0-301F-11D3-BF4B-00C04F79EFBC}") = "BE2", "..\BE2\BE2.csproj", "{89BDE2A5-B733-48F3-8B56-F0A2B537F5B5}"
EndProject
Global
	GlobalSection(SolutionConfigurationPlatforms) = preSolution
		Debug|Any CPU = Debug|Any CPU
		Release|Any CPU = Release|Any CPU
	EndGlobalSection
	GlobalSection(ProjectConfigurationPlatforms) = postSolution
		{D1F7B13A-0499-46CE-A0AC-E405BE991A47}.Debug|Any CPU.ActiveCfg = Debug|Any CPU
		{D1F7B13A-0499-46CE-A0AC-E405BE991A47}.Debug|Any CPU.Build.0 = Debug|Any CPU
		{D1F7B13A-0499-46CE-A0AC-E405BE991A47}.Release|Any CPU.ActiveCfg = Release|Any CPU
		{D1F7B13A-0499-46CE-A0AC-E405BE991A47}.Release|Any CPU.Build.0 = Release|Any CPU
		{89BDE2A5-B733-48F3-8B56-F0A2B537F5B5}.Debug|Any CPU.ActiveCfg = Debug|Any CPU
		{89BDE2A5-B733-48F3-8B56-F0A2B537F5B5}.Debug|Any CPU.Build.0 = Debug|Any CPU
		{89BDE2A5-B733-48F3-8B56-F0A2B537F5B5}.Release|Any CPU.ActiveCfg = Release|Any CPU
		{89BDE2A5-B733-48F3-8B56-F0A2B537F5B5}.Release|Any CPU.Build.0 = Release|Any CPU
	EndGlobalSection
	GlobalSection(SolutionProperties) = preSolution
		HideSolutionNode = FALSE
	EndGlobalSection
EndGlobal
